
Microsoft Visual Studio Solution File, Format Version 12.00
# Visual Studio Version 17
VisualStudioVersion = 17.3.32922.545
MinimumVisualStudioVersion = 10.0.40219.1
Project("{FAE04EC0-301F-11D3-BF4B-00C04F79EFBC}") = "CidadeAPI", "CidadeAPI\CidadeAPI.csproj", "{3EAB87DD-2070-4DF2-8342-E50B43B2CDDA}"
EndProject
Global
	GlobalSection(SolutionConfigurationPlatforms) = preSolution
		Debug|Any CPU = Debug|Any CPU
		Release|Any CPU = Release|Any CPU
	EndGlobalSection
	GlobalSection(ProjectConfigurationPlatforms) = postSolution
		{3EAB87DD-2070-4DF2-8342-E50B43B2CDDA}.Debug|Any CPU.ActiveCfg = Debug|Any CPU
		{3EAB87DD-2070-4DF2-8342-E50B43B2CDDA}.Debug|Any CPU.Build.0 = Debug|Any CPU
		{3EAB87DD-2070-4DF2-8342-E50B43B2CDDA}.Release|Any CPU.ActiveCfg = Release|Any CPU
		{3EAB87DD-2070-4DF2-8342-E50B43B2CDDA}.Release|Any CPU.Build.0 = Release|Any CPU
	EndGlobalSection
	GlobalSection(SolutionProperties) = preSolution
		HideSolutionNode = FALSE
	EndGlobalSection
	GlobalSection(ExtensibilityGlobals) = postSolution
		SolutionGuid = {27DCF88E-9565-4D73-9E65-724FCE70B313}
	EndGlobalSection
EndGlobal
